<Solution>
  <Folder Name="/Task0/">
    <Project Path="Tyuiu.IlkaevNR.Sprint0.Task0.V0/Tyuiu.IlkaevNR.Sprint0.Task0.V0.csproj" Id="ce438ab3-444b-4d82-9525-f57dbc08abad" />
  </Folder>
  <Folder Name="/Task1/">
    <Project Path="Tyuiu.IlkaevNR.Sprint0.Task1.V0/Tyuiu.IlkaevNR.Sprint0.Task1.V0.csproj" Id="f6c929d1-0e40-4495-8494-a29a49c995b7" />
  </Folder>
  <Folder Name="/Task2/">
    <Project Path="Tyuiu.IlkaevNR.Sprint0.Task2.V0.Lib/Tyuiu.IlkaevNR.Sprint0.Task2.V0.Lib.csproj" Id="005df2c5-ff19-4acc-b215-cd6172ab562d" />
    <Project Path="Tyuiu.IlkaevNR.Sprint0.Task2.V0.Test/Tyuiu.IlkaevNR.Sprint0.Task2.V0.Test.csproj" Id="9f0a7a36-da76-4aea-b490-38c831f5608f" />
    <Project Path="Tyuiu.IlkaevNR.Sprint0.Task2.V0/Tyuiu.IlkaevNR.Sprint0.Task2.V0.csproj" Id="44fe4e68-52dd-4b36-beee-d6c4ee920784" />
  </Folder>
  <Folder Name="/Task3/">
    <Project Path="Tyuiu.IlkaevNR.Sprint0.Task3.V0.Lib/Tyuiu.IlkaevNR.Sprint0.Task3.V0.Lib.csproj" Id="cfb48971-623c-4455-bf56-3cd1f954783a" />
    <Project Path="Tyuiu.IlkaevNR.Sprint0.Task3.V0.Test/Tyuiu.IlkaevNR.Sprint0.Task3.V0.Test.csproj" Id="2606dcc8-ee2b-4169-b742-3a660c02267d" />
    <Project Path="Tyuiu.IlkaevNR.Sprint0.Task3.V0/Tyuiu.IlkaevNR.Sprint0.Task3.V0.csproj" Id="e4859967-b6be-4782-9f30-f1ef63fc0704" />
  </Folder>
</Solution>
